
Microsoft Visual Studio Solution File, Format Version 12.00
# Visual Studio Version 17
VisualStudioVersion = 17.4.33205.214
MinimumVisualStudioVersion = 10.0.40219.1
Project("{FAE04EC0-301F-11D3-BF4B-00C04F79EFBC}") = "Bank", "Bank\Bank.csproj", "{EFA74FEF-7E4D-4289-BB65-77F16951FAEA}"
EndProject
Project("{FAE04EC0-301F-11D3-BF4B-00C04F79EFBC}") = "BankTests", "BankTests\BankTests.csproj", "{80327DE5-E656-4A73-8F86-98509AC9FC45}"
EndProject
Global
	GlobalSection(SolutionConfigurationPlatforms) = preSolution
		Debug|Any CPU = Debug|Any CPU
		Release|Any CPU = Release|Any CPU
	EndGlobalSection
	GlobalSection(ProjectConfigurationPlatforms) = postSolution
		{EFA74FEF-7E4D-4289-BB65-77F16951FAEA}.Debug|Any CPU.ActiveCfg = Debug|Any CPU
		{EFA74FEF-7E4D-4289-BB65-77F16951FAEA}.Debug|Any CPU.Build.0 = Debug|Any CPU
		{EFA74FEF-7E4D-4289-BB65-77F16951FAEA}.Release|Any CPU.ActiveCfg = Release|Any CPU
		{EFA74FEF-7E4D-4289-BB65-77F16951FAEA}.Release|Any CPU.Build.0 = Release|Any CPU
		{80327DE5-E656-4A73-8F86-98509AC9FC45}.Debug|Any CPU.ActiveCfg = Debug|Any CPU
		{80327DE5-E656-4A73-8F86-98509AC9FC45}.Debug|Any CPU.Build.0 = Debug|Any CPU
		{80327DE5-E656-4A73-8F86-98509AC9FC45}.Release|Any CPU.ActiveCfg = Release|Any CPU
		{80327DE5-E656-4A73-8F86-98509AC9FC45}.Release|Any CPU.Build.0 = Release|Any CPU
	EndGlobalSection
	GlobalSection(SolutionProperties) = preSolution
		HideSolutionNode = FALSE
	EndGlobalSection
	GlobalSection(ExtensibilityGlobals) = postSolution
		SolutionGuid = {5B255F68-6AA2-44EE-89A1-1A54AF83D459}
	EndGlobalSection
EndGlobal
